
Microsoft Visual Studio Solution File, Format Version 12.00
# Visual Studio 15
Project("{FAE04EC0-301F-11D3-BF4B-00C04F79EFBC}") = "AR_UnityProject", "Assembly-CSharp.csproj", "{F16D39DC-1CAF-507A-DEA3-E24B2180ECB8}"
EndProject
Project("{FAE04EC0-301F-11D3-BF4B-00C04F79EFBC}") = "AR_UnityProject", "Assembly-CSharp-Editor.csproj", "{02EDFA5B-4D16-84DF-2E22-BEF57166BD50}"
EndProject
Global
	GlobalSection(SolutionConfigurationPlatforms) = preSolution
		Debug|Any CPU = Debug|Any CPU
		Release|Any CPU = Release|Any CPU
	EndGlobalSection
	GlobalSection(ProjectConfigurationPlatforms) = postSolution
		{F16D39DC-1CAF-507A-DEA3-E24B2180ECB8}.Debug|Any CPU.ActiveCfg = Debug|Any CPU
		{F16D39DC-1CAF-507A-DEA3-E24B2180ECB8}.Debug|Any CPU.Build.0 = Debug|Any CPU
		{F16D39DC-1CAF-507A-DEA3-E24B2180ECB8}.Release|Any CPU.ActiveCfg = Release|Any CPU
		{F16D39DC-1CAF-507A-DEA3-E24B2180ECB8}.Release|Any CPU.Build.0 = Release|Any CPU
		{02EDFA5B-4D16-84DF-2E22-BEF57166BD50}.Debug|Any CPU.ActiveCfg = Debug|Any CPU
		{02EDFA5B-4D16-84DF-2E22-BEF57166BD50}.Debug|Any CPU.Build.0 = Debug|Any CPU
		{02EDFA5B-4D16-84DF-2E22-BEF57166BD50}.Release|Any CPU.ActiveCfg = Release|Any CPU
		{02EDFA5B-4D16-84DF-2E22-BEF57166BD50}.Release|Any CPU.Build.0 = Release|Any CPU
	EndGlobalSection
	GlobalSection(SolutionProperties) = preSolution
		HideSolutionNode = FALSE
	EndGlobalSection
EndGlobal
